
Microsoft Visual Studio Solution File, Format Version 12.00
# Visual Studio Version 16
VisualStudioVersion = 16.0.30204.135
MinimumVisualStudioVersion = 10.0.40219.1
Project("{FAE04EC0-301F-11D3-BF4B-00C04F79EFBC}") = "Entrevistas", "MichellQuinteroHernandez\Entrevistas.csproj", "{572E2254-2BD8-4ACD-A0C2-EC613B247264}"
EndProject
Global
	GlobalSection(SolutionConfigurationPlatforms) = preSolution
		Debug|Any CPU = Debug|Any CPU
		Release|Any CPU = Release|Any CPU
	EndGlobalSection
	GlobalSection(ProjectConfigurationPlatforms) = postSolution
		{572E2254-2BD8-4ACD-A0C2-EC613B247264}.Debug|Any CPU.ActiveCfg = Debug|Any CPU
		{572E2254-2BD8-4ACD-A0C2-EC613B247264}.Debug|Any CPU.Build.0 = Debug|Any CPU
		{572E2254-2BD8-4ACD-A0C2-EC613B247264}.Release|Any CPU.ActiveCfg = Release|Any CPU
		{572E2254-2BD8-4ACD-A0C2-EC613B247264}.Release|Any CPU.Build.0 = Release|Any CPU
	EndGlobalSection
	GlobalSection(SolutionProperties) = preSolution
		HideSolutionNode = FALSE
	EndGlobalSection
	GlobalSection(ExtensibilityGlobals) = postSolution
		SolutionGuid = {79CBB434-28C7-4432-B017-6C057B179110}
	EndGlobalSection
EndGlobal
